lockfileVersion: '9.0'

settings:
  autoInstallPeers: true
  excludeLinksFromLockfile: false

importers:

  .:
    dependencies:
      '@ai-sdk/anthropic':
        specifier: ^3.0.79
        version: 3.0.79(zod@4.4.3)
      '@langfuse/client':
        specifier: ^5.3.0
        version: 5.3.0(@opentelemetry/api@1.9.1)
      '@langfuse/otel':
        specifier: ^5.3.0
        version: 5.3.0(@opentelemetry/api@1.9.1)(@opentelemetry/core@2.7.1(@opentelemetry/api@1.9.1))(@opentelemetry/exporter-trace-otlp-http@0.218.0(@opentelemetry/api@1.9.1))(@opentelemetry/sdk-trace-base@2.7.1(@opentelemetry/api@1.9.1))
      '@langfuse/tracing':
        specifier: ^5.3.0
        version: 5.3.0(@opentelemetry/api@1.9.1)
      '@opentelemetry/sdk-node':
        specifier: ^0.218.0
        version: 0.218.0(@opentelemetry/api@1.9.1)
      ai:
        specifier: ^6.0.191
        version: 6.0.191(zod@4.4.3)
    devDependencies:
      '@types/node':
        specifier: ^22.0.0
        version: 22.19.19
      tsx:
        specifier: ^4.19.0
        version: 4.22.3
      typescript:
        specifier: ^5.6.0
        version: 5.9.3

packages:

  '@ai-sdk/anthropic@3.0.79':
    resolution: {integrity: sha512-saEX+h5JDOkT9P/+REKDyikbnJiToFuLipgNcsmu4Zr3GW5kW1m9HhvrPK+vj63itIOsoZU6tmVIjkrePOlIUA==}
    engines: {node: '>=18'}
    peerDependencies:
      zod: ^3.25.76 || ^4.1.8

  '@ai-sdk/gateway@3.0.120':
    resolution: {integrity: sha512-MYKAeD2q7/sa1ZdqtL2tw0Me0B8Tok6Q/fhkJDhJl39dG8u+VBlWO9yk9lcdm784bM418o1EKObo4aOxs6+18Q==}
    engines: {node: '>=18'}
    peerDependencies:
      zod: ^3.25.76 || ^4.1.8

  '@ai-sdk/provider-utils@4.0.27':
    resolution: {integrity: sha512-ubkAJ+xODouwtmN1tYlvTPphH1hPOBfZaEQe8U7skGvFAnIRs9PPpsq57bC2+Ky/MB4yzhd6YOsxTAx9sGpazw==}
    engines: {node: '>=18'}
    peerDependencies:
      zod: ^3.25.76 || ^4.1.8

  '@ai-sdk/provider@3.0.10':
    resolution: {integrity: sha512-Q3BZ27qfpYqnCYGvE3vt+Qi6LGOF9R5Nmzn+9JoM1lCRsD9mYaIhfJLkSunN48nfGXJ6n+XNV0J/XVpqGQl7Dw==}
    engines: {node: '>=18'}

  '@esbuild/aix-ppc64@0.28.0':
    resolution: {integrity: sha512-lhRUCeuOyJQURhTxl4WkpFTjIsbDayJHih5kZC1giwE+MhIzAb7mEsQMqMf18rHLsrb5qI1tafG20mLxEWcWlA==}
    engines: {node: '>=18'}
    cpu: [ppc64]
    os: [aix]

  '@esbuild/android-arm64@0.28.0':
    resolution: {integrity: sha512-+WzIXQOSaGs33tLEgYPYe/yQHf0WTU0X42Jca3y8NWMbUVhp7rUnw+vAsRC/QiDrdD31IszMrZy+qwPOPjd+rw==}
    engines: {node: '>=18'}
    cpu: [arm64]
    os: [android]

  '@esbuild/android-arm@0.28.0':
    resolution: {integrity: sha512-wqh0ByljabXLKHeWXYLqoJ5jKC4XBaw6Hk08OfMrCRd2nP2ZQ5eleDZC41XHyCNgktBGYMbqnrJKq/K/lzPMSQ==}
    engines: {node: '>=18'}
    cpu: [arm]
    os: [android]

  '@esbuild/android-x64@0.28.0':
    resolution: {integrity: sha512-+VJggoaKhk2VNNqVL7f6S189UzShHC/mR9EE8rDdSkdpN0KflSwWY/gWjDrNxxisg8Fp1ZCD9jLMo4m0OUfeUA==}
    engines: {node: '>=18'}
    cpu: [x64]
    os: [android]

  '@esbuild/darwin-arm64@0.28.0':
    resolution: {integrity: sha512-0T+A9WZm+bZ84nZBtk1ckYsOvyA3x7e2Acj1KdVfV4/2tdG4fzUp91YHx+GArWLtwqp77pBXVCPn2We7Letr0Q==}
    engines: {node: '>=18'}
    cpu: [arm64]
    os: [darwin]

  '@esbuild/darwin-x64@0.28.0':
    resolution: {integrity: sha512-fyzLm/DLDl/84OCfp2f/XQ4flmORsjU7VKt8HLjvIXChJoFFOIL6pLJPH4Yhd1n1gGFF9mPwtlN5Wf82DZs+LQ==}
    engines: {node: '>=18'}
    cpu: [x64]
    os: [darwin]

  '@esbuild/freebsd-arm64@0.28.0':
    resolution: {integrity: sha512-l9GeW5UZBT9k9brBYI+0WDffcRxgHQD8ShN2Ur4xWq/NFzUKm3k5lsH4PdaRgb2w7mI9u61nr2gI2mLI27Nh3Q==}
    engines: {node: '>=18'}
    cpu: [arm64]
    os: [freebsd]

  '@esbuild/freebsd-x64@0.28.0':
    resolution: {integrity: sha512-BXoQai/A0wPO6Es3yFJ7APCiKGc1tdAEOgeTNy3SsB491S3aHn4S4r3e976eUnPdU+NbdtmBuLncYir2tMU9Nw==}
    engines: {node: '>=18'}
    cpu: [x64]
    os: [freebsd]

  '@esbuild/linux-arm64@0.28.0':
    resolution: {integrity: sha512-RVyzfb3FWsGA55n6WY0MEIEPURL1FcbhFE6BffZEMEekfCzCIMtB5yyDcFnVbTnwk+CLAgTujmV/Lgvih56W+A==}
    engines: {node: '>=18'}
    cpu: [arm64]
    os: [linux]

  '@esbuild/linux-arm@0.28.0':
    resolution: {integrity: sha512-CjaaREJagqJp7iTaNQjjidaNbCKYcd4IDkzbwwxtSvjI7NZm79qiHc8HqciMddQ6CKvJT6aBd8lO9kN/ZudLlw==}
    engines: {node: '>=18'}
    cpu: [arm]
    os: [linux]

  '@esbuild/linux-ia32@0.28.0':
    resolution: {integrity: sha512-KBnSTt1kxl9x70q+ydterVdl+Cn0H18ngRMRCEQfrbqdUuntQQ0LoMZv47uB97NljZFzY6HcfqEZ2SAyIUTQBQ==}
    engines: {node: '>=18'}
    cpu: [ia32]
    os: [linux]

  '@esbuild/linux-loong64@0.28.0':
    resolution: {integrity: sha512-zpSlUce1mnxzgBADvxKXX5sl8aYQHo2ezvMNI8I0lbblJtp8V4odlm3Yzlj7gPyt3T8ReksE6bK+pT3WD+aJRg==}
    engines: {node: '>=18'}
    cpu: [loong64]
    os: [linux]

  '@esbuild/linux-mips64el@0.28.0':
    resolution: {integrity: sha512-2jIfP6mmjkdmeTlsX/9vmdmhBmKADrWqN7zcdtHIeNSCH1SqIoNI63cYsjQR8J+wGa4Y5izRcSHSm8K3QWmk3w==}
    engines: {node: '>=18'}
    cpu: [mips64el]
    os: [linux]

  '@esbuild/linux-ppc64@0.28.0':
    resolution: {integrity: sha512-bc0FE9wWeC0WBm49IQMPSPILRocGTQt3j5KPCA8os6VprfuJ7KD+5PzESSrJ6GmPIPJK965ZJHTUlSA6GNYEhg==}
    engines: {node: '>=18'}
    cpu: [ppc64]
    os: [linux]

  '@esbuild/linux-riscv64@0.28.0':
    resolution: {integrity: sha512-SQPZOwoTTT/HXFXQJG/vBX8sOFagGqvZyXcgLA3NhIqcBv1BJU1d46c0rGcrij2B56Z2rNiSLaZOYW5cUk7yLQ==}
    engines: {node: '>=18'}
    cpu: [riscv64]
    os: [linux]

  '@esbuild/linux-s390x@0.28.0':
    resolution: {integrity: sha512-SCfR0HN8CEEjnYnySJTd2cw0k9OHB/YFzt5zgJEwa+wL/T/raGWYMBqwDNAC6dqFKmJYZoQBRfHjgwLHGSrn3Q==}
    engines: {node: '>=18'}
    cpu: [s390x]
    os: [linux]

  '@esbuild/linux-x64@0.28.0':
    resolution: {integrity: sha512-us0dSb9iFxIi8srnpl931Nvs65it/Jd2a2K3qs7fz2WfGPHqzfzZTfec7oxZJRNPXPnNYZtanmRc4AL/JwVzHQ==}
    engines: {node: '>=18'}
    cpu: [x64]
    os: [linux]

  '@esbuild/netbsd-arm64@0.28.0':
    resolution: {integrity: sha512-CR/RYotgtCKwtftMwJlUU7xCVNg3lMYZ0RzTmAHSfLCXw3NtZtNpswLEj/Kkf6kEL3Gw+BpOekRX0BYCtklhUw==}
    engines: {node: '>=18'}
    cpu: [arm64]
    os: [netbsd]

  '@esbuild/netbsd-x64@0.28.0':
    resolution: {integrity: sha512-nU1yhmYutL+fQ71Kxnhg8uEOdC0pwEW9entHykTgEbna2pw2dkbFSMeqjjyHZoCmt8SBkOSvV+yNmm94aUrrqw==}
    engines: {node: '>=18'}
    cpu: [x64]
    os: [netbsd]

  '@esbuild/openbsd-arm64@0.28.0':
    resolution: {integrity: sha512-cXb5vApOsRsxsEl4mcZ1XY3D4DzcoMxR/nnc4IyqYs0rTI8ZKmW6kyyg+11Z8yvgMfAEldKzP7AdP64HnSC/6g==}
    engines: {node: '>=18'}
    cpu: [arm64]
    os: [openbsd]

  '@esbuild/openbsd-x64@0.28.0':
    resolution: {integrity: sha512-8wZM2qqtv9UP3mzy7HiGYNH/zjTA355mpeuA+859TyR+e+Tc08IHYpLJuMsfpDJwoLo1ikIJI8jC3GFjnRClzA==}
    engines: {node: '>=18'}
    cpu: [x64]
    os: [openbsd]

  '@esbuild/openharmony-arm64@0.28.0':
    resolution: {integrity: sha512-FLGfyizszcef5C3YtoyQDACyg95+dndv79i2EekILBofh5wpCa1KuBqOWKrEHZg3zrL3t5ouE5jgr94vA+Wb2w==}
    engines: {node: '>=18'}
    cpu: [arm64]
    os: [openharmony]

  '@esbuild/sunos-x64@0.28.0':
    resolution: {integrity: sha512-1ZgjUoEdHZZl/YlV76TSCz9Hqj9h9YmMGAgAPYd+q4SicWNX3G5GCyx9uhQWSLcbvPW8Ni7lj4gDa1T40akdlw==}
    engines: {node: '>=18'}
    cpu: [x64]
    os: [sunos]

  '@esbuild/win32-arm64@0.28.0':
    resolution: {integrity: sha512-Q9StnDmQ/enxnpxCCLSg0oo4+34B9TdXpuyPeTedN/6+iXBJ4J+zwfQI28u/Jl40nOYAxGoNi7mFP40RUtkmUA==}
    engines: {node: '>=18'}
    cpu: [arm64]
    os: [win32]

  '@esbuild/win32-ia32@0.28.0':
    resolution: {integrity: sha512-zF3ag/gfiCe6U2iczcRzSYJKH1DCI+ByzSENHlM2FcDbEeo5Zd2C86Aq0tKUYAJJ1obRP84ymxIAksZUcdztHA==}
    engines: {node: '>=18'}
    cpu: [ia32]
    os: [win32]

  '@esbuild/win32-x64@0.28.0':
    resolution: {integrity: sha512-pEl1bO9mfAmIC+tW5btTmrKaujg3zGtUmWNdCw/xs70FBjwAL3o9OEKNHvNmnyylD6ubxUERiEhdsL0xBQ9efw==}
    engines: {node: '>=18'}
    cpu: [x64]
    os: [win32]

  '@grpc/grpc-js@1.14.4':
    resolution: {integrity: sha512-k9Dj3DV/itK9D06Y8f190Qgop7/Ui+D0njFV3LHMPwPT75DpXLQohE9Wmz0QElrJnzsjB7KPWiKJbOl7IPDArQ==}
    engines: {node: '>=12.10.0'}

  '@grpc/proto-loader@0.8.1':
    resolution: {integrity: sha512-wtF6h+DY6M3YaDBPAmvuuA6jV8Sif9MjtOI5euKFWRgCDl5PeDpPsHR9u2l6St5ceY8AZgoNDww5+HvEsXFsGg==}
    engines: {node: '>=6'}
    hasBin: true

  '@js-sdsl/ordered-map@4.4.2':
    resolution: {integrity: sha512-iUKgm52T8HOE/makSxjqoWhe95ZJA1/G1sYsGev2JDKUSS14KAgg1LHb+Ba+IPow0xflbnSkOsZcO08C7w1gYw==}

  '@langfuse/client@5.3.0':
    resolution: {integrity: sha512-e+1LZREKWyegy1fcZzFKlMOJqMkqiK8fDE42o0EK+blmNROtpQff/LrDr9k1pfXznStSnLplwp5bdEehIvpy+g==}
    peerDependencies:
      '@opentelemetry/api': ^1.9.0

  '@langfuse/core@5.3.0':
    resolution: {integrity: sha512-9JnDpSMBxsy6Mw5YTc0vERpAYJG5jJKxLtgv1mgA4yrNGWOtqV6ShkSSb/mWE7CeyKFnIFM0lRJpqblrMaRfQA==}
    peerDependencies:
      '@opentelemetry/api': ^1.9.0

  '@langfuse/otel@5.3.0':
    resolution: {integrity: sha512-CJUz3oCD0RMbe+1cPxnuLD/JhsUnLt02DhLP6ZXzhFoi07rHsf8T5oUyCwLRNRH4x2tl87u3aTiOcBJqSK6/fQ==}
    engines: {node: '>=20'}
    peerDependencies:
      '@opentelemetry/api': ^1.9.0
      '@opentelemetry/core': ^2.0.1
      '@opentelemetry/exporter-trace-otlp-http': '>=0.202.0 <1.0.0'
      '@opentelemetry/sdk-trace-base': ^2.0.1

  '@langfuse/tracing@5.3.0':
    resolution: {integrity: sha512-Fz6da1O+OqrwG69nF1UAjdaZrYUfR+h+DyVjXJLTNhTrOCqx/jTiIVAP5A32rB07+l4ESgzfO4K222A6cdPW1w==}
    engines: {node: '>=20'}
    peerDependencies:
      '@opentelemetry/api': ^1.9.0

  '@opentelemetry/api-logs@0.218.0':
    resolution: {integrity: sha512-fmEWp5kXlGEc3i/lR698Hz41DfGyN4Tbe4g7L1AxSc7fF8Xeh/FQ9Quqpa9dVA413Q1Ad43QOLzU4JoXgbFPWw==}
    engines: {node: '>=8.0.0'}

  '@opentelemetry/api@1.9.1':
    resolution: {integrity: sha512-gLyJlPHPZYdAk1JENA9LeHejZe1Ti77/pTeFm/nMXmQH/HFZlcS/O2XJB+L8fkbrNSqhdtlvjBVjxwUYanNH5Q==}
    engines: {node: '>=8.0.0'}

  '@opentelemetry/configuration@0.218.0':
    resolution: {integrity: sha512-W8wIz7H2R1pufR5jfjb3gU2XkMpm2x/7b1RJcsuzvd70Il/rWWE+g5/Od7hQKrxRTSrTrOWlru101PWXz5I1EQ==}
    engines: {node: ^18.19.0 || >=20.6.0}
    peerDependencies:
      '@opentelemetry/api': ^1.9.0

  '@opentelemetry/context-async-hooks@2.7.1':
    resolution: {integrity: sha512-OPFBYuXEn1E4ja3Y6eeA7O+ZnLBNcXTV5Cgsn1VaqBZ6hC5FnpZPLBNme1LJY8ZtF4aOujPKFoeWN4ik487KuQ==}
    engines: {node: ^18.19.0 || >=20.6.0}
    peerDependencies:
      '@opentelemetry/api': '>=1.0.0 <1.10.0'

  '@opentelemetry/core@2.7.1':
    resolution: {integrity: sha512-QAqIj32AtK6+pEVNG7EOVxHdE06RP+FM5qpiEJ4RtDcFIqKUZHYhl7/7UY5efhwmwNAg7j8QbJVBLxMerc0+gw==}
    engines: {node: ^18.19.0 || >=20.6.0}
    peerDependencies:
      '@opentelemetry/api': '>=1.0.0 <1.10.0'

  '@opentelemetry/exporter-logs-otlp-grpc@0.218.0':
    resolution: {integrity: sha512-hoxrNH1l/Xy6F9WTJ5IK+6j1r9nQFlPOmrnTlhYHTySdunfXLmUCPv3bQtKYntxag9h3wLYBZQ2HI6FOx+BT2g==}
    engines: {node: ^18.19.0 || >=20.6.0}
    peerDependencies:
      '@opentelemetry/api': ^1.3.0

  '@opentelemetry/exporter-logs-otlp-http@0.218.0':
    resolution: {integrity: sha512-Qx+4rpVHzgg89dawcWRHyt+XRXeLnhFz/qBtvggmjkcgPUdr+NAB0/u/eIPA8yAeJV0J80Vz43JZCh/XFvZFGw==}
    engines: {node: ^18.19.0 || >=20.6.0}
    peerDependencies:
      '@opentelemetry/api': ^1.3.0

  '@opentelemetry/exporter-logs-otlp-proto@0.218.0':
    resolution: {integrity: sha512-1/noQNsp9gXD75HPzgjBrcF1+XTtry7pFAUfxVEJgg7mPv2AawKQuYkhMmJ8qjxz4Ubc3Y8bwvfxevXsKTq4cg==}
    engines: {node: ^18.19.0 || >=20.6.0}
    peerDependencies:
      '@opentelemetry/api': ^1.3.0

  '@opentelemetry/exporter-metrics-otlp-grpc@0.218.0':
    resolution: {integrity: sha512-YapQ9vNMX0NSZF6LK5pWAFfjpJleV2O9uYWfYGeb/5F1Kb9rPGK8tZDMJFa/sOksgdFuflDvYuA0B4qjDB4fjQ==}
    engines: {node: ^18.19.0 || >=20.6.0}
    peerDependencies:
      '@opentelemetry/api': ^1.3.0

  '@opentelemetry/exporter-metrics-otlp-http@0.218.0':
    resolution: {integrity: sha512-bV7d2OuMpZu2+gAaxUAhzfZ0h3WVZk8ETQUEE3DNSntbTaMpuITjtm8I0rNyHFdm7Ax57K6ty7SgFXlBmOLIvQ==}
    engines: {node: ^18.19.0 || >=20.6.0}
    peerDependencies:
      '@opentelemetry/api': ^1.3.0

  '@opentelemetry/exporter-metrics-otlp-proto@0.218.0':
    resolution: {integrity: sha512-ubLddKjWULhla9YZRCj/rTBeppjJYE4e9w0icx5mTu3eFhWjQzbV75NYjXuIlEG+NJsBl6d+sTFw5Qu+oej4oQ==}
    engines: {node: ^18.19.0 || >=20.6.0}
    peerDependencies:
      '@opentelemetry/api': ^1.3.0

  '@opentelemetry/exporter-prometheus@0.218.0':
    resolution: {integrity: sha512-RT5oEyu1kddZJ1vt7/BUo5wV+P7hpNAESsR3dUd3+8deHuX7gWNoCOZn+SfDT+hJHlIJ5h/AxiCLXIrutswDJg==}
    engines: {node: ^18.19.0 || >=20.6.0}
    peerDependencies:
      '@opentelemetry/api': ^1.3.0

  '@opentelemetry/exporter-trace-otlp-grpc@0.218.0':
    resolution: {integrity: sha512-3fXxVQEj9TNAFaCi79JeFKfeLd0sDtInaR3gaZDVlzNSPHtz8PZuCV34JKWjD4XXzT20IdMe8IpX6mRVNDA4Tw==}
    engines: {node: ^18.19.0 || >=20.6.0}
    peerDependencies:
      '@opentelemetry/api': ^1.3.0

  '@opentelemetry/exporter-trace-otlp-http@0.218.0':
    resolution: {integrity: sha512-8dqezsmPhtKitIK/eTipZhYl9EX2/gNQ5zUMhaz3uxEURwfkNf8IPvo6yNfrzbxdtpAOybS/+h7wmIWYqFSpiw==}
    engines: {node: ^18.19.0 || >=20.6.0}
    peerDependencies:
      '@opentelemetry/api': ^1.3.0

  '@opentelemetry/exporter-trace-otlp-proto@0.218.0':
    resolution: {integrity: sha512-r1Msf8SNLRmwh9J6XQ5uh82D7CdDWMNHnPB7LAVHjzut0TkSeKc5KcIvr4SvHvfk/xwN5gxC+VLKQ1k0o8PSPw==}
    engines: {node: ^18.19.0 || >=20.6.0}
    peerDependencies:
      '@opentelemetry/api': ^1.3.0

  '@opentelemetry/exporter-zipkin@2.7.1':
    resolution: {integrity: sha512-mfsD9bKAxcKrh5+y08TPodvClBO0CznBE3p79YAGnO81WI4LrdsGA65T53e4iTSbCalW4WaUpkbeJcbpyIUHfg==}
    engines: {node: ^18.19.0 || >=20.6.0}
    peerDependencies:
      '@opentelemetry/api': ^1.0.0

  '@opentelemetry/instrumentation@0.218.0':
    resolution: {integrity: sha512-mIZil8Es+sYDK5m+DQiwAwF57F14TF2YlEqvIjZ/RQWcxDBwRGsKfdK2Tv65OU9meQKCMzSIFS9mxAcnAb6Bkg==}
    engines: {node: ^18.19.0 || >=20.6.0}
    peerDependencies:
      '@opentelemetry/api': ^1.3.0

  '@opentelemetry/otlp-exporter-base@0.218.0':
    resolution: {integrity: sha512-ZwqpkNL5W7RyGJPDZ9g06DvKp8KFTWPJPN12anpMQYSKpTSU0z3EIZuPq9vPGpS8siFyOqDYDAuCwlNO9FqgbA==}
    engines: {node: ^18.19.0 || >=20.6.0}
    peerDependencies:
      '@opentelemetry/api': ^1.3.0

  '@opentelemetry/otlp-grpc-exporter-base@0.218.0':
    resolution: {integrity: sha512-H/lCGJ536N98VpYJOaWTQOkv4Dx6TnmStK6Rqfu1W7KkFbPAx04hjdYEMZF/YbnHzPUSIK4kM6OE2GKGBTpV9A==}
    engines: {node: ^18.19.0 || >=20.6.0}
    peerDependencies:
      '@opentelemetry/api': ^1.3.0

  '@opentelemetry/otlp-transformer@0.218.0':
    resolution: {integrity: sha512-CFaKH87WAzjuJ4awowTTLzUvMfaRfiOFG5+qm5S5ncyalRtN4ecQ+YmuANJSCrVPuvZFEkUgKhBPBndxi3rHsQ==}
    engines: {node: ^18.19.0 || >=20.6.0}
    peerDependencies:
      '@opentelemetry/api': ^1.3.0

  '@opentelemetry/propagator-b3@2.7.1':
    resolution: {integrity: sha512-RJid6E2CKyeGfKBzXKF21ejabGMHypFkPAh3qZ+NvI+SGjuIye79t3PmiqcDgtRzdKH6ynXzbfslQ8DfpRUg2A==}
    engines: {node: ^18.19.0 || >=20.6.0}
    peerDependencies:
      '@opentelemetry/api': '>=1.0.0 <1.10.0'

  '@opentelemetry/propagator-jaeger@2.7.1':
    resolution: {integrity: sha512-KMjVBHzP4N60bOzxja76M1F1hZZ43lGPga5ix+mkv9+kk1nx9SbkxSvJsMbuVUxdPQmsPTqGShmhN8ulrMOg6Q==}
    engines: {node: ^18.19.0 || >=20.6.0}
    peerDependencies:
      '@opentelemetry/api': '>=1.0.0 <1.10.0'

  '@opentelemetry/resources@2.7.1':
    resolution: {integrity: sha512-DeT6KKolmC4e/dRQvMQ/RwlnzhaqeiFOXY5ngoOPJ07GgVVKxZOg9EcrNZb5aTzUn+iCrJldAgOfQm1O/QfPAQ==}
    engines: {node: ^18.19.0 || >=20.6.0}
    peerDependencies:
      '@opentelemetry/api': '>=1.3.0 <1.10.0'

  '@opentelemetry/sdk-logs@0.218.0':
    resolution: {integrity: sha512-QvnNdugatFTVCJXH0Mcu7GOOJSylA9j127kIezOE4YwTI4YbowRons2K4WZTv5FMS8T4q9P0NdaRHdkSmeAIag==}
    engines: {node: ^18.19.0 || >=20.6.0}
    peerDependencies:
      '@opentelemetry/api': '>=1.4.0 <1.10.0'

  '@opentelemetry/sdk-metrics@2.7.1':
    resolution: {integrity: sha512-MpDJdkiFDs3Pm1RHO3KByuZbuBdJEXEAkiC0+yJdsZGVCdf1RpHR6n+LHDcS7ffmfrt5kVCzJSCfm4z2C7v0uQ==}
    engines: {node: ^18.19.0 || >=20.6.0}
    peerDependencies:
      '@opentelemetry/api': '>=1.9.0 <1.10.0'

  '@opentelemetry/sdk-node@0.218.0':
    resolution: {integrity: sha512-tPMjHrLV5gsfNdYqoRHjeGbCAZBXXD9c1Qo/2ut7VwnUABDNh76xNxrT0SEhkIIJuCN45bbN1vZnYL1gY0IkOg==}
    engines: {node: ^18.19.0 || >=20.6.0}
    peerDependencies:
      '@opentelemetry/api': '>=1.3.0 <1.10.0'

  '@opentelemetry/sdk-trace-base@2.7.1':
    resolution: {integrity: sha512-NAYIlsF8MPUsKqJMiDQJTMPOmlbawC1Iz/omMLygZ1C9am8fTKYjTaI+OZM+WTY3t3Glo0wnOg/6/pac6RGPPw==}
    engines: {node: ^18.19.0 || >=20.6.0}
    peerDependencies:
      '@opentelemetry/api': '>=1.3.0 <1.10.0'

  '@opentelemetry/sdk-trace-node@2.7.1':
    resolution: {integrity: sha512-pCpQxU68lV+I9s9svqMyVu5iHdDDUnqUpSxqwyCU8A9ejEsSnMPCbearwsUO4yk08ZJzAIUCFuReMdVQvHrdvg==}
    engines: {node: ^18.19.0 || >=20.6.0}
    peerDependencies:
      '@opentelemetry/api': '>=1.0.0 <1.10.0'

  '@opentelemetry/semantic-conventions@1.41.1':
    resolution: {integrity: sha512-/UhIkaZgPutTFmQ7RnIJGgDXZmtEJ7Dvi86xNTFWcnRxVRNk/aotsqDJYeEvDP+FSMB2SdW+pQzNMcWP0rwuNA==}
    engines: {node: '>=14'}

  '@protobufjs/aspromise@1.1.2':
    resolution: {integrity: sha512-j+gKExEuLmKwvz3OgROXtrJ2UG2x8Ch2YZUxahh+s1F2HZ+wAceUNLkvy6zKCPVRkU++ZWQrdxsUeQXmcg4uoQ==}

  '@protobufjs/base64@1.1.2':
    resolution: {integrity: sha512-AZkcAA5vnN/v4PDqKyMR5lx7hZttPDgClv83E//FMNhR2TMcLUhfRUBHCmSl0oi9zMgDDqRUJkSxO3wm85+XLg==}

  '@protobufjs/codegen@2.0.5':
    resolution: {integrity: sha512-zgXFLzW3Ap33e6d0Wlj4MGIm6Ce8O89n/apUaGNB/jx+hw+ruWEp7EwGUshdLKVRCxZW12fp9r40E1mQrf/34g==}

  '@protobufjs/eventemitter@1.1.1':
    resolution: {integrity: sha512-vW1GmwMZNnL+gMRaovlh9yZX74kc+TTU3FObkkurpMaRtBfLP3ldjS9KQWlwZgraRE0+dheEEoAxdzcJQ8eXZg==}

  '@protobufjs/fetch@1.1.1':
    resolution: {integrity: sha512-GpptLrs57adMSuHi3VNj0mAF8dwh36LMaYF6XyJ6JMWlVsc+t42tm1HSEDmOs3A8fC9yyeisgLhsTVQokOZ0zw==}

  '@protobufjs/float@1.0.2':
    resolution: {integrity: sha512-Ddb+kVXlXst9d+R9PfTIxh1EdNkgoRe5tOX6t01f1lYWOvJnSPDBlG241QLzcyPdoNTsblLUdujGSE4RzrTZGQ==}

  '@protobufjs/inquire@1.1.2':
    resolution: {integrity: sha512-pa0vFRuws4wkvaXKK1uXZMAwAX4/t8ANaJo45iw/oQHNQ9q5xUzwgFmVJGXiga2BeN+zpX7Vf9vmsiIa2J+MUw==}

  '@protobufjs/path@1.1.2':
    resolution: {integrity: sha512-6JOcJ5Tm08dOHAbdR3GrvP+yUUfkjG5ePsHYczMFLq3ZmMkAD98cDgcT2iA1lJ9NVwFd4tH/iSSoe44YWkltEA==}

  '@protobufjs/pool@1.1.0':
    resolution: {integrity: sha512-0kELaGSIDBKvcgS4zkjz1PeddatrjYcmMWOlAuAPwAeccUrPHdUqo/J6LiymHHEiJT5NrF1UVwxY14f+fy4WQw==}

  '@protobufjs/utf8@1.1.1':
    resolution: {integrity: sha512-oOAWABowe8EAbMyWKM0tYDKi8Yaox52D+HWZhAIJqQXbqe0xI/GV7FhLWqlEKreMkfDjshR5FKgi3mnle0h6Eg==}

  '@standard-schema/spec@1.1.0':
    resolution: {integrity: sha512-l2aFy5jALhniG5HgqrD6jXLi/rUWrKvqN/qJx6yoJsgKhblVd+iqqU4RCXavm/jPityDo5TCvKMnpjKnOriy0w==}

  '@types/node@22.19.19':
    resolution: {integrity: sha512-dyh/xO2Fh5bYrfWaaqGrRQQGkNdmYw6AmaAUvYeUMNTWQtvb796ikLdmTchRmOlOiIJ1TDXfWgVx1QkUlQ6Hew==}

  '@vercel/oidc@3.2.0':
    resolution: {integrity: sha512-UycprH3T6n3jH0k44NHMa7pnFHGu/N05MjojYr+Mc6I7obkoLIJujSWwin1pCvdy/eOxrI/l3uDLQsmcrOb4ug==}
    engines: {node: '>= 20'}

  acorn-import-attributes@1.9.5:
    resolution: {integrity: sha512-n02Vykv5uA3eHGM/Z2dQrcD56kL8TyDb2p1+0P83PClMnC/nc+anbQRhIOWnSq4Ke/KvDPrY3C9hDtC/A3eHnQ==}
    peerDependencies:
      acorn: ^8

  acorn@8.16.0:
    resolution: {integrity: sha512-UVJyE9MttOsBQIDKw1skb9nAwQuR5wuGD3+82K6JgJlm/Y+KI92oNsMNGZCYdDsVtRHSak0pcV5Dno5+4jh9sw==}
    engines: {node: '>=0.4.0'}
    hasBin: true

  ai@6.0.191:
    resolution: {integrity: sha512-zAxvjKebQE7YkSyyNIl0OM7i6/zygnKeF+yNUjD4nWOelYrG+LpDd6RnH6mjySI4zUpZ7o4wbnmAy8jc6u98vQ==}
    engines: {node: '>=18'}
    peerDependencies:
      zod: ^3.25.76 || ^4.1.8

  ansi-regex@5.0.1:
    resolution: {integrity: sha512-quJQXlTSUGL2LH9SUXo8VwsY4soanhgo6LNSm84E1LBcE8s3O0wpdiRzyR9z/ZZJMlMWv37qOOb9pdJlMUEKFQ==}
    engines: {node: '>=8'}

  ansi-styles@4.3.0:
    resolution: {integrity: sha512-zbB9rCJAT1rbjiVDb2hqKFHNYLxgtk8NURxZ3IZwD3F6NtxbXZQCnnSi1Lkx+IDohdPlFp222wVALIheZJQSEg==}
    engines: {node: '>=8'}

  cjs-module-lexer@2.2.0:
    resolution: {integrity: sha512-4bHTS2YuzUvtoLjdy+98ykbNB5jS0+07EvFNXerqZQJ89F7DI6ET7OQo/HJuW6K0aVsKA9hj9/RVb2kQVOrPDQ==}

  cliui@8.0.1:
    resolution: {integrity: sha512-BSeNnyus75C4//NQ9gQt1/csTXyo/8Sb+afLAkzAptFuMsod9HFokGNudZpi/oQV73hnVK+sR+5PVRMd+Dr7YQ==}
    engines: {node: '>=12'}

  color-convert@2.0.1:
    resolution: {integrity: sha512-RRECPsj7iu/xb5oKYcsFHSppFNnsj/52OVTRKb4zP5onXwVF3zVmmToNcOfGC+CRDpfK/U584fMg38ZHCaElKQ==}
    engines: {node: '>=7.0.0'}

  color-name@1.1.4:
    resolution: {integrity: sha512-dOy+3AuW3a2wNbZHIuMZpTcgjGuLU/uBL/ubcZF9OXbDo8ff4O8yVp5Bf0efS8uEoYo5q4Fx7dY9OgQGXgAsQA==}

  debug@4.4.3:
    resolution: {integrity: sha512-RGwwWnwQvkVfavKVt22FGLw+xYSdzARwm0ru6DhTVA3umU5hZc28V3kO4stgYryrTlLpuvgI9GiijltAjNbcqA==}
    engines: {node: '>=6.0'}
    peerDependencies:
      supports-color: '*'
    peerDependenciesMeta:
      supports-color:
        optional: true

  emoji-regex@8.0.0:
    resolution: {integrity: sha512-MSjYzcWNOA0ewAHpz0MxpYFvwg6yjy1NG3xteoqz644VCo/RPgnr1/GGt+ic3iJTzQ8Eu3TdM14SawnVUmGE6A==}

  esbuild@0.28.0:
    resolution: {integrity: sha512-sNR9MHpXSUV/XB4zmsFKN+QgVG82Cc7+/aaxJ8Adi8hyOac+EXptIp45QBPaVyX3N70664wRbTcLTOemCAnyqw==}
    engines: {node: '>=18'}
    hasBin: true

  escalade@3.2.0:
    resolution: {integrity: sha512-WUj2qlxaQtO4g6Pq5c29GTcWGDyd8itL8zTlipgECz3JesAiiOKotd8JU6otB3PACgG6xkJUyVhboMS+bje/jA==}
    engines: {node: '>=6'}

  eventsource-parser@3.0.8:
    resolution: {integrity: sha512-70QWGkr4snxr0OXLRWsFLeRBIRPuQOvt4s8QYjmUlmlkyTZkRqS7EDVRZtzU3TiyDbXSzaOeF0XUKy8PchzukQ==}
    engines: {node: '>=18.0.0'}

  fsevents@2.3.3:
    resolution: {integrity: sha512-5xoDfX+fL7faATnagmWPpbFtwh/R77WmMMqqHGS65C3vvB0YHrgF+B1YmZ3441tMj5n63k0212XNoJwzlhffQw==}
    engines: {node: ^8.16.0 || ^10.6.0 || >=11.0.0}
    os: [darwin]

  get-caller-file@2.0.5:
    resolution: {integrity: sha512-DyFP3BM/3YHTQOCUL/w0OZHR0lpKeGrxotcHWcqNEdnltqFwXVfhEBQ94eIo34AfQpo0rGki4cyIiftY06h2Fg==}
    engines: {node: 6.* || 8.* || >= 10.*}

  import-in-the-middle@3.0.1:
    resolution: {integrity: sha512-pYkiyXVL2Mf3pozdlDGV6NAObxQx13Ae8knZk1UJRJ6uRW/ZRmTGHlQYtrsSl7ubuE5F8CD1z+s1n4RHNuTtuA==}
    engines: {node: '>=18'}

  is-fullwidth-code-point@3.0.0:
    resolution: {integrity: sha512-zymm5+u+sCsSWyD9qNaejV3DFvhCKclKdizYaJUuHA83RLjb7nSuGnddCHGv0hk+KY7BMAlsWeK4Ueg6EV6XQg==}
    engines: {node: '>=8'}

  json-schema@0.4.0:
    resolution: {integrity: sha512-es94M3nTIfsEPisRafak+HDLfHXnKBhV3vU5eqPcS3flIWqcxJWgXHXiey3YrpaNsanY5ei1VoYEbOzijuq9BA==}

  lodash.camelcase@4.3.0:
    resolution: {integrity: sha512-TwuEnCnxbc3rAvhf/LbG7tJUDzhqXyFnv3dtzLOPgCG/hODL7WFnsbwktkD7yUV0RrreP/l1PALq/YSg6VvjlA==}

  long@5.3.2:
    resolution: {integrity: sha512-mNAgZ1GmyNhD7AuqnTG3/VQ26o760+ZYBPKjPvugO8+nLbYfX6TVpJPseBvopbdY+qpZ/lKUnmEc1LeZYS3QAA==}

  module-details-from-path@1.0.4:
    resolution: {integrity: sha512-EGWKgxALGMgzvxYF1UyGTy0HXX/2vHLkw6+NvDKW2jypWbHpjQuj4UMcqQWXHERJhVGKikolT06G3bcKe4fi7w==}

  ms@2.1.3:
    resolution: {integrity: sha512-6FlzubTLZG3J2a/NVCAleEhjzq5oxgHyaCU9yYXvcLsvoVaHJq/s5xXI6/XXP6tz7R9xAOtHnSO/tXtF3WRTlA==}

  mustache@4.2.0:
    resolution: {integrity: sha512-71ippSywq5Yb7/tVYyGbkBggbU8H3u5Rz56fH60jGFgr8uHwxs+aSKeqmluIVzM0m0kB7xQjKS6qPfd0b2ZoqQ==}
    hasBin: true

  protobufjs@7.6.1:
    resolution: {integrity: sha512-4K0myLaWL5EteuSAro91EGFgcfVgxb64Jx+7oDAY6GOkXD4M69yuSEljNcInGVCA5sOPxmZ/EqDLj2x0Q0+Ygg==}
    engines: {node: '>=12.0.0'}

  require-directory@2.1.1:
    resolution: {integrity: sha512-fGxEI7+wsG9xrvdjsrlmL22OMTTiHRwAMroiEeMgq8gzoLC/PQr7RsRDSTLUg/bZAZtF+TVIkHc6/4RIKrui+Q==}
    engines: {node: '>=0.10.0'}

  require-in-the-middle@8.0.1:
    resolution: {integrity: sha512-QT7FVMXfWOYFbeRBF6nu+I6tr2Tf3u0q8RIEjNob/heKY/nh7drD/k7eeMFmSQgnTtCzLDcCu/XEnpW2wk4xCQ==}
    engines: {node: '>=9.3.0 || >=8.10.0 <9.0.0'}

  string-width@4.2.3:
    resolution: {integrity: sha512-wKyQRQpjJ0sIp62ErSZdGsjMJWsap5oRNihHhu6G7JVO/9jIB6UyevL+tXuOqrng8j/cxKTWyWUwvSTriiZz/g==}
    engines: {node: '>=8'}

  strip-ansi@6.0.1:
    resolution: {integrity: sha512-Y38VPSHcqkFrCpFnQ9vuSXmquuv5oXOKpGeT6aGrr3o3Gc9AlVa6JBfUSOCnbxGGZF+/0ooI7KrPuUSztUdU5A==}
    engines: {node: '>=8'}

  tsx@4.22.3:
    resolution: {integrity: sha512-mdoNxBC/cSQObGGVQ5Bpn5i+yv7j68gk3Nfm3wFjcJg3Z0Mix9jzAFfP12prmm5eVGmDKtp0yyArrs0Q+8gZHg==}
    engines: {node: '>=18.0.0'}
    hasBin: true

  typescript@5.9.3:
    resolution: {integrity: sha512-jl1vZzPDinLr9eUt3J/t7V6FgNEw9QjvBPdysz9KfQDD41fQrC2Y4vKQdiaUpFT4bXlb1RHhLpp8wtm6M5TgSw==}
    engines: {node: '>=14.17'}
    hasBin: true

  undici-types@6.21.0:
    resolution: {integrity: sha512-iwDZqg0QAGrg9Rav5H4n0M64c3mkR59cJ6wQp+7C4nI0gsmExaedaYLNO44eT4AtBBwjbTiGPMlt2Md0T9H9JQ==}

  wrap-ansi@7.0.0:
    resolution: {integrity: sha512-YVGIj2kamLSTxw6NsZjoBxfSwsn0ycdesmc4p+Q21c5zPuZ1pl+NfxVdxPtdHvmNVOQ6XSYG4AUtyt/Fi7D16Q==}
    engines: {node: '>=10'}

  y18n@5.0.8:
    resolution: {integrity: sha512-0pfFzegeDWJHJIAmTLRP2DwHjdF5s7jo9tuztdQxAhINCdvS+3nGINqPd00AphqJR/0LhANUS6/+7SCb98YOfA==}
    engines: {node: '>=10'}

  yaml@2.9.0:
    resolution: {integrity: sha512-2AvhNX3mb8zd6Zy7INTtSpl1F15HW6Wnqj0srWlkKLcpYl/gMIMJiyuGq2KeI2YFxUPjdlB+3Lc10seMLtL4cA==}
    engines: {node: '>= 14.6'}
    hasBin: true

  yargs-parser@21.1.1:
    resolution: {integrity: sha512-tVpsJW7DdjecAiFpbIB1e3qxIQsE6NoPc5/eTdrbbIC4h0LVsWhnoa3g+m2HclBIujHzsxZ4VJVA+GUuc2/LBw==}
    engines: {node: '>=12'}

  yargs@17.7.2:
    resolution: {integrity: sha512-7dSzzRQ++CKnNI/krKnYRV7JKKPUXMEh61soaHKg9mrWEhzFWhFnxPxGl+69cD1Ou63C13NUPCnmIcrvqCuM6w==}
    engines: {node: '>=12'}

  zod@4.4.3:
    resolution: {integrity: sha512-ytENFjIJFl2UwYglde2jchW2Hwm4GJFLDiSXWdTrJQBIN9Fcyp7n4DhxJEiWNAJMV1/BqWfW/kkg71UDcHJyTQ==}

snapshots:

  '@ai-sdk/anthropic@3.0.79(zod@4.4.3)':
    dependencies:
      '@ai-sdk/provider': 3.0.10
      '@ai-sdk/provider-utils': 4.0.27(zod@4.4.3)
      zod: 4.4.3

  '@ai-sdk/gateway@3.0.120(zod@4.4.3)':
    dependencies:
      '@ai-sdk/provider': 3.0.10
      '@ai-sdk/provider-utils': 4.0.27(zod@4.4.3)
      '@vercel/oidc': 3.2.0
      zod: 4.4.3

  '@ai-sdk/provider-utils@4.0.27(zod@4.4.3)':
    dependencies:
      '@ai-sdk/provider': 3.0.10
      '@standard-schema/spec': 1.1.0
      eventsource-parser: 3.0.8
      zod: 4.4.3

  '@ai-sdk/provider@3.0.10':
    dependencies:
      json-schema: 0.4.0

  '@esbuild/aix-ppc64@0.28.0':
    optional: true

  '@esbuild/android-arm64@0.28.0':
    optional: true

  '@esbuild/android-arm@0.28.0':
    optional: true

  '@esbuild/android-x64@0.28.0':
    optional: true

  '@esbuild/darwin-arm64@0.28.0':
    optional: true

  '@esbuild/darwin-x64@0.28.0':
    optional: true

  '@esbuild/freebsd-arm64@0.28.0':
    optional: true

  '@esbuild/freebsd-x64@0.28.0':
    optional: true

  '@esbuild/linux-arm64@0.28.0':
    optional: true

  '@esbuild/linux-arm@0.28.0':
    optional: true

  '@esbuild/linux-ia32@0.28.0':
    optional: true

  '@esbuild/linux-loong64@0.28.0':
    optional: true

  '@esbuild/linux-mips64el@0.28.0':
    optional: true

  '@esbuild/linux-ppc64@0.28.0':
    optional: true

  '@esbuild/linux-riscv64@0.28.0':
    optional: true

  '@esbuild/linux-s390x@0.28.0':
    optional: true

  '@esbuild/linux-x64@0.28.0':
    optional: true

  '@esbuild/netbsd-arm64@0.28.0':
    optional: true

  '@esbuild/netbsd-x64@0.28.0':
    optional: true

  '@esbuild/openbsd-arm64@0.28.0':
    optional: true

  '@esbuild/openbsd-x64@0.28.0':
    optional: true

  '@esbuild/openharmony-arm64@0.28.0':
    optional: true

  '@esbuild/sunos-x64@0.28.0':
    optional: true

  '@esbuild/win32-arm64@0.28.0':
    optional: true

  '@esbuild/win32-ia32@0.28.0':
    optional: true

  '@esbuild/win32-x64@0.28.0':
    optional: true

  '@grpc/grpc-js@1.14.4':
    dependencies:
      '@grpc/proto-loader': 0.8.1
      '@js-sdsl/ordered-map': 4.4.2

  '@grpc/proto-loader@0.8.1':
    dependencies:
      lodash.camelcase: 4.3.0
      long: 5.3.2
      protobufjs: 7.6.1
      yargs: 17.7.2

  '@js-sdsl/ordered-map@4.4.2': {}

  '@langfuse/client@5.3.0(@opentelemetry/api@1.9.1)':
    dependencies:
      '@langfuse/core': 5.3.0(@opentelemetry/api@1.9.1)
      '@langfuse/tracing': 5.3.0(@opentelemetry/api@1.9.1)
      '@opentelemetry/api': 1.9.1
      mustache: 4.2.0

  '@langfuse/core@5.3.0(@opentelemetry/api@1.9.1)':
    dependencies:
      '@opentelemetry/api': 1.9.1

  '@langfuse/otel@5.3.0(@opentelemetry/api@1.9.1)(@opentelemetry/core@2.7.1(@opentelemetry/api@1.9.1))(@opentelemetry/exporter-trace-otlp-http@0.218.0(@opentelemetry/api@1.9.1))(@opentelemetry/sdk-trace-base@2.7.1(@opentelemetry/api@1.9.1))':
    dependencies:
      '@langfuse/core': 5.3.0(@opentelemetry/api@1.9.1)
      '@opentelemetry/api': 1.9.1
      '@opentelemetry/core': 2.7.1(@opentelemetry/api@1.9.1)
      '@opentelemetry/exporter-trace-otlp-http': 0.218.0(@opentelemetry/api@1.9.1)
      '@opentelemetry/sdk-trace-base': 2.7.1(@opentelemetry/api@1.9.1)

  '@langfuse/tracing@5.3.0(@opentelemetry/api@1.9.1)':
    dependencies:
      '@langfuse/core': 5.3.0(@opentelemetry/api@1.9.1)
      '@opentelemetry/api': 1.9.1

  '@opentelemetry/api-logs@0.218.0':
    dependencies:
      '@opentelemetry/api': 1.9.1

  '@opentelemetry/api@1.9.1': {}

  '@opentelemetry/configuration@0.218.0(@opentelemetry/api@1.9.1)':
    dependencies:
      '@opentelemetry/api': 1.9.1
      '@opentelemetry/core': 2.7.1(@opentelemetry/api@1.9.1)
      yaml: 2.9.0

  '@opentelemetry/context-async-hooks@2.7.1(@opentelemetry/api@1.9.1)':
    dependencies:
      '@opentelemetry/api': 1.9.1

  '@opentelemetry/core@2.7.1(@opentelemetry/api@1.9.1)':
    dependencies:
      '@opentelemetry/api': 1.9.1
      '@opentelemetry/semantic-conventions': 1.41.1

  '@opentelemetry/exporter-logs-otlp-grpc@0.218.0(@opentelemetry/api@1.9.1)':
    dependencies:
      '@grpc/grpc-js': 1.14.4
      '@opentelemetry/api': 1.9.1
      '@opentelemetry/core': 2.7.1(@opentelemetry/api@1.9.1)
      '@opentelemetry/otlp-exporter-base': 0.218.0(@opentelemetry/api@1.9.1)
      '@opentelemetry/otlp-grpc-exporter-base': 0.218.0(@opentelemetry/api@1.9.1)
      '@opentelemetry/otlp-transformer': 0.218.0(@opentelemetry/api@1.9.1)
      '@opentelemetry/sdk-logs': 0.218.0(@opentelemetry/api@1.9.1)

  '@opentelemetry/exporter-logs-otlp-http@0.218.0(@opentelemetry/api@1.9.1)':
    dependencies:
      '@opentelemetry/api': 1.9.1
      '@opentelemetry/api-logs': 0.218.0
      '@opentelemetry/core': 2.7.1(@opentelemetry/api@1.9.1)
      '@opentelemetry/otlp-exporter-base': 0.218.0(@opentelemetry/api@1.9.1)
      '@opentelemetry/otlp-transformer': 0.218.0(@opentelemetry/api@1.9.1)
      '@opentelemetry/sdk-logs': 0.218.0(@opentelemetry/api@1.9.1)

  '@opentelemetry/exporter-logs-otlp-proto@0.218.0(@opentelemetry/api@1.9.1)':
    dependencies:
      '@opentelemetry/api': 1.9.1
      '@opentelemetry/api-logs': 0.218.0
      '@opentelemetry/core': 2.7.1(@opentelemetry/api@1.9.1)
      '@opentelemetry/otlp-exporter-base': 0.218.0(@opentelemetry/api@1.9.1)
      '@opentelemetry/otlp-transformer': 0.218.0(@opentelemetry/api@1.9.1)
      '@opentelemetry/resources': 2.7.1(@opentelemetry/api@1.9.1)
      '@opentelemetry/sdk-logs': 0.218.0(@opentelemetry/api@1.9.1)
      '@opentelemetry/sdk-trace-base': 2.7.1(@opentelemetry/api@1.9.1)

  '@opentelemetry/exporter-metrics-otlp-grpc@0.218.0(@opentelemetry/api@1.9.1)':
    dependencies:
      '@grpc/grpc-js': 1.14.4
      '@opentelemetry/api': 1.9.1
      '@opentelemetry/core': 2.7.1(@opentelemetry/api@1.9.1)
      '@opentelemetry/exporter-metrics-otlp-http': 0.218.0(@opentelemetry/api@1.9.1)
      '@opentelemetry/otlp-exporter-base': 0.218.0(@opentelemetry/api@1.9.1)
      '@opentelemetry/otlp-grpc-exporter-base': 0.218.0(@opentelemetry/api@1.9.1)
      '@opentelemetry/otlp-transformer': 0.218.0(@opentelemetry/api@1.9.1)
      '@opentelemetry/resources': 2.7.1(@opentelemetry/api@1.9.1)
      '@opentelemetry/sdk-metrics': 2.7.1(@opentelemetry/api@1.9.1)

  '@opentelemetry/exporter-metrics-otlp-http@0.218.0(@opentelemetry/api@1.9.1)':
    dependencies:
      '@opentelemetry/api': 1.9.1
      '@opentelemetry/core': 2.7.1(@opentelemetry/api@1.9.1)
      '@opentelemetry/otlp-exporter-base': 0.218.0(@opentelemetry/api@1.9.1)
      '@opentelemetry/otlp-transformer': 0.218.0(@opentelemetry/api@1.9.1)
      '@opentelemetry/resources': 2.7.1(@opentelemetry/api@1.9.1)
      '@opentelemetry/sdk-metrics': 2.7.1(@opentelemetry/api@1.9.1)

  '@opentelemetry/exporter-metrics-otlp-proto@0.218.0(@opentelemetry/api@1.9.1)':
    dependencies:
      '@opentelemetry/api': 1.9.1
      '@opentelemetry/core': 2.7.1(@opentelemetry/api@1.9.1)
      '@opentelemetry/exporter-metrics-otlp-http': 0.218.0(@opentelemetry/api@1.9.1)
      '@opentelemetry/otlp-exporter-base': 0.218.0(@opentelemetry/api@1.9.1)
      '@opentelemetry/otlp-transformer': 0.218.0(@opentelemetry/api@1.9.1)
      '@opentelemetry/resources': 2.7.1(@opentelemetry/api@1.9.1)
      '@opentelemetry/sdk-metrics': 2.7.1(@opentelemetry/api@1.9.1)

  '@opentelemetry/exporter-prometheus@0.218.0(@opentelemetry/api@1.9.1)':
    dependencies:
      '@opentelemetry/api': 1.9.1
      '@opentelemetry/core': 2.7.1(@opentelemetry/api@1.9.1)
      '@opentelemetry/resources': 2.7.1(@opentelemetry/api@1.9.1)
      '@opentelemetry/sdk-metrics': 2.7.1(@opentelemetry/api@1.9.1)
      '@opentelemetry/semantic-conventions': 1.41.1

  '@opentelemetry/exporter-trace-otlp-grpc@0.218.0(@opentelemetry/api@1.9.1)':
    dependencies:
      '@grpc/grpc-js': 1.14.4
      '@opentelemetry/api': 1.9.1
      '@opentelemetry/core': 2.7.1(@opentelemetry/api@1.9.1)
      '@opentelemetry/otlp-exporter-base': 0.218.0(@opentelemetry/api@1.9.1)
      '@opentelemetry/otlp-grpc-exporter-base': 0.218.0(@opentelemetry/api@1.9.1)
      '@opentelemetry/otlp-transformer': 0.218.0(@opentelemetry/api@1.9.1)
      '@opentelemetry/resources': 2.7.1(@opentelemetry/api@1.9.1)
      '@opentelemetry/sdk-trace-base': 2.7.1(@opentelemetry/api@1.9.1)

  '@opentelemetry/exporter-trace-otlp-http@0.218.0(@opentelemetry/api@1.9.1)':
    dependencies:
      '@opentelemetry/api': 1.9.1
      '@opentelemetry/core': 2.7.1(@opentelemetry/api@1.9.1)
      '@opentelemetry/otlp-exporter-base': 0.218.0(@opentelemetry/api@1.9.1)
      '@opentelemetry/otlp-transformer': 0.218.0(@opentelemetry/api@1.9.1)
      '@opentelemetry/resources': 2.7.1(@opentelemetry/api@1.9.1)
      '@opentelemetry/sdk-trace-base': 2.7.1(@opentelemetry/api@1.9.1)

  '@opentelemetry/exporter-trace-otlp-proto@0.218.0(@opentelemetry/api@1.9.1)':
    dependencies:
      '@opentelemetry/api': 1.9.1
      '@opentelemetry/core': 2.7.1(@opentelemetry/api@1.9.1)
      '@opentelemetry/otlp-exporter-base': 0.218.0(@opentelemetry/api@1.9.1)
      '@opentelemetry/otlp-transformer': 0.218.0(@opentelemetry/api@1.9.1)
      '@opentelemetry/resources': 2.7.1(@opentelemetry/api@1.9.1)
      '@opentelemetry/sdk-trace-base': 2.7.1(@opentelemetry/api@1.9.1)

  '@opentelemetry/exporter-zipkin@2.7.1(@opentelemetry/api@1.9.1)':
    dependencies:
      '@opentelemetry/api': 1.9.1
      '@opentelemetry/core': 2.7.1(@opentelemetry/api@1.9.1)
      '@opentelemetry/resources': 2.7.1(@opentelemetry/api@1.9.1)
      '@opentelemetry/sdk-trace-base': 2.7.1(@opentelemetry/api@1.9.1)
      '@opentelemetry/semantic-conventions': 1.41.1

  '@opentelemetry/instrumentation@0.218.0(@opentelemetry/api@1.9.1)':
    dependencies:
      '@opentelemetry/api': 1.9.1
      '@opentelemetry/api-logs': 0.218.0
      import-in-the-middle: 3.0.1
      require-in-the-middle: 8.0.1
    transitivePeerDependencies:
      - supports-color

  '@opentelemetry/otlp-exporter-base@0.218.0(@opentelemetry/api@1.9.1)':
    dependencies:
      '@opentelemetry/api': 1.9.1
      '@opentelemetry/core': 2.7.1(@opentelemetry/api@1.9.1)
      '@opentelemetry/otlp-transformer': 0.218.0(@opentelemetry/api@1.9.1)

  '@opentelemetry/otlp-grpc-exporter-base@0.218.0(@opentelemetry/api@1.9.1)':
    dependencies:
      '@grpc/grpc-js': 1.14.4
      '@opentelemetry/api': 1.9.1
      '@opentelemetry/core': 2.7.1(@opentelemetry/api@1.9.1)
      '@opentelemetry/otlp-exporter-base': 0.218.0(@opentelemetry/api@1.9.1)
      '@opentelemetry/otlp-transformer': 0.218.0(@opentelemetry/api@1.9.1)

  '@opentelemetry/otlp-transformer@0.218.0(@opentelemetry/api@1.9.1)':
    dependencies:
      '@opentelemetry/api': 1.9.1
      '@opentelemetry/api-logs': 0.218.0
      '@opentelemetry/core': 2.7.1(@opentelemetry/api@1.9.1)
      '@opentelemetry/resources': 2.7.1(@opentelemetry/api@1.9.1)
      '@opentelemetry/sdk-logs': 0.218.0(@opentelemetry/api@1.9.1)
      '@opentelemetry/sdk-metrics': 2.7.1(@opentelemetry/api@1.9.1)
      '@opentelemetry/sdk-trace-base': 2.7.1(@opentelemetry/api@1.9.1)

  '@opentelemetry/propagator-b3@2.7.1(@opentelemetry/api@1.9.1)':
    dependencies:
      '@opentelemetry/api': 1.9.1
      '@opentelemetry/core': 2.7.1(@opentelemetry/api@1.9.1)

  '@opentelemetry/propagator-jaeger@2.7.1(@opentelemetry/api@1.9.1)':
    dependencies:
      '@opentelemetry/api': 1.9.1
      '@opentelemetry/core': 2.7.1(@opentelemetry/api@1.9.1)

  '@opentelemetry/resources@2.7.1(@opentelemetry/api@1.9.1)':
    dependencies:
      '@opentelemetry/api': 1.9.1
      '@opentelemetry/core': 2.7.1(@opentelemetry/api@1.9.1)
      '@opentelemetry/semantic-conventions': 1.41.1

  '@opentelemetry/sdk-logs@0.218.0(@opentelemetry/api@1.9.1)':
    dependencies:
      '@opentelemetry/api': 1.9.1
      '@opentelemetry/api-logs': 0.218.0
      '@opentelemetry/core': 2.7.1(@opentelemetry/api@1.9.1)
      '@opentelemetry/resources': 2.7.1(@opentelemetry/api@1.9.1)
      '@opentelemetry/semantic-conventions': 1.41.1

  '@opentelemetry/sdk-metrics@2.7.1(@opentelemetry/api@1.9.1)':
    dependencies:
      '@opentelemetry/api': 1.9.1
      '@opentelemetry/core': 2.7.1(@opentelemetry/api@1.9.1)
      '@opentelemetry/resources': 2.7.1(@opentelemetry/api@1.9.1)

  '@opentelemetry/sdk-node@0.218.0(@opentelemetry/api@1.9.1)':
    dependencies:
      '@opentelemetry/api': 1.9.1
      '@opentelemetry/api-logs': 0.218.0
      '@opentelemetry/configuration': 0.218.0(@opentelemetry/api@1.9.1)
      '@opentelemetry/context-async-hooks': 2.7.1(@opentelemetry/api@1.9.1)
      '@opentelemetry/core': 2.7.1(@opentelemetry/api@1.9.1)
      '@opentelemetry/exporter-logs-otlp-grpc': 0.218.0(@opentelemetry/api@1.9.1)
      '@opentelemetry/exporter-logs-otlp-http': 0.218.0(@opentelemetry/api@1.9.1)
      '@opentelemetry/exporter-logs-otlp-proto': 0.218.0(@opentelemetry/api@1.9.1)
      '@opentelemetry/exporter-metrics-otlp-grpc': 0.218.0(@opentelemetry/api@1.9.1)
      '@opentelemetry/exporter-metrics-otlp-http': 0.218.0(@opentelemetry/api@1.9.1)
      '@opentelemetry/exporter-metrics-otlp-proto': 0.218.0(@opentelemetry/api@1.9.1)
      '@opentelemetry/exporter-prometheus': 0.218.0(@opentelemetry/api@1.9.1)
      '@opentelemetry/exporter-trace-otlp-grpc': 0.218.0(@opentelemetry/api@1.9.1)
      '@opentelemetry/exporter-trace-otlp-http': 0.218.0(@opentelemetry/api@1.9.1)
      '@opentelemetry/exporter-trace-otlp-proto': 0.218.0(@opentelemetry/api@1.9.1)
      '@opentelemetry/exporter-zipkin': 2.7.1(@opentelemetry/api@1.9.1)
      '@opentelemetry/instrumentation': 0.218.0(@opentelemetry/api@1.9.1)
      '@opentelemetry/otlp-exporter-base': 0.218.0(@opentelemetry/api@1.9.1)
      '@opentelemetry/propagator-b3': 2.7.1(@opentelemetry/api@1.9.1)
      '@opentelemetry/propagator-jaeger': 2.7.1(@opentelemetry/api@1.9.1)
      '@opentelemetry/resources': 2.7.1(@opentelemetry/api@1.9.1)
      '@opentelemetry/sdk-logs': 0.218.0(@opentelemetry/api@1.9.1)
      '@opentelemetry/sdk-metrics': 2.7.1(@opentelemetry/api@1.9.1)
      '@opentelemetry/sdk-trace-base': 2.7.1(@opentelemetry/api@1.9.1)
      '@opentelemetry/sdk-trace-node': 2.7.1(@opentelemetry/api@1.9.1)
      '@opentelemetry/semantic-conventions': 1.41.1
    transitivePeerDependencies:
      - supports-color

  '@opentelemetry/sdk-trace-base@2.7.1(@opentelemetry/api@1.9.1)':
    dependencies:
      '@opentelemetry/api': 1.9.1
      '@opentelemetry/core': 2.7.1(@opentelemetry/api@1.9.1)
      '@opentelemetry/resources': 2.7.1(@opentelemetry/api@1.9.1)
      '@opentelemetry/semantic-conventions': 1.41.1

  '@opentelemetry/sdk-trace-node@2.7.1(@opentelemetry/api@1.9.1)':
    dependencies:
      '@opentelemetry/api': 1.9.1
      '@opentelemetry/context-async-hooks': 2.7.1(@opentelemetry/api@1.9.1)
      '@opentelemetry/core': 2.7.1(@opentelemetry/api@1.9.1)
      '@opentelemetry/sdk-trace-base': 2.7.1(@opentelemetry/api@1.9.1)

  '@opentelemetry/semantic-conventions@1.41.1': {}

  '@protobufjs/aspromise@1.1.2': {}

  '@protobufjs/base64@1.1.2': {}

  '@protobufjs/codegen@2.0.5': {}

  '@protobufjs/eventemitter@1.1.1': {}

  '@protobufjs/fetch@1.1.1':
    dependencies:
      '@protobufjs/aspromise': 1.1.2

  '@protobufjs/float@1.0.2': {}

  '@protobufjs/inquire@1.1.2': {}

  '@protobufjs/path@1.1.2': {}

  '@protobufjs/pool@1.1.0': {}

  '@protobufjs/utf8@1.1.1': {}

  '@standard-schema/spec@1.1.0': {}

  '@types/node@22.19.19':
    dependencies:
      undici-types: 6.21.0

  '@vercel/oidc@3.2.0': {}

  acorn-import-attributes@1.9.5(acorn@8.16.0):
    dependencies:
      acorn: 8.16.0

  acorn@8.16.0: {}

  ai@6.0.191(zod@4.4.3):
    dependencies:
      '@ai-sdk/gateway': 3.0.120(zod@4.4.3)
      '@ai-sdk/provider': 3.0.10
      '@ai-sdk/provider-utils': 4.0.27(zod@4.4.3)
      '@opentelemetry/api': 1.9.1
      zod: 4.4.3

  ansi-regex@5.0.1: {}

  ansi-styles@4.3.0:
    dependencies:
      color-convert: 2.0.1

  cjs-module-lexer@2.2.0: {}

  cliui@8.0.1:
    dependencies:
      string-width: 4.2.3
      strip-ansi: 6.0.1
      wrap-ansi: 7.0.0

  color-convert@2.0.1:
    dependencies:
      color-name: 1.1.4

  color-name@1.1.4: {}

  debug@4.4.3:
    dependencies:
      ms: 2.1.3

  emoji-regex@8.0.0: {}

  esbuild@0.28.0:
    optionalDependencies:
      '@esbuild/aix-ppc64': 0.28.0
      '@esbuild/android-arm': 0.28.0
      '@esbuild/android-arm64': 0.28.0
      '@esbuild/android-x64': 0.28.0
      '@esbuild/darwin-arm64': 0.28.0
      '@esbuild/darwin-x64': 0.28.0
      '@esbuild/freebsd-arm64': 0.28.0
      '@esbuild/freebsd-x64': 0.28.0
      '@esbuild/linux-arm': 0.28.0
      '@esbuild/linux-arm64': 0.28.0
      '@esbuild/linux-ia32': 0.28.0
      '@esbuild/linux-loong64': 0.28.0
      '@esbuild/linux-mips64el': 0.28.0
      '@esbuild/linux-ppc64': 0.28.0
      '@esbuild/linux-riscv64': 0.28.0
      '@esbuild/linux-s390x': 0.28.0
      '@esbuild/linux-x64': 0.28.0
      '@esbuild/netbsd-arm64': 0.28.0
      '@esbuild/netbsd-x64': 0.28.0
      '@esbuild/openbsd-arm64': 0.28.0
      '@esbuild/openbsd-x64': 0.28.0
      '@esbuild/openharmony-arm64': 0.28.0
      '@esbuild/sunos-x64': 0.28.0
      '@esbuild/win32-arm64': 0.28.0
      '@esbuild/win32-ia32': 0.28.0
      '@esbuild/win32-x64': 0.28.0

  escalade@3.2.0: {}

  eventsource-parser@3.0.8: {}

  fsevents@2.3.3:
    optional: true

  get-caller-file@2.0.5: {}

  import-in-the-middle@3.0.1:
    dependencies:
      acorn: 8.16.0
      acorn-import-attributes: 1.9.5(acorn@8.16.0)
      cjs-module-lexer: 2.2.0
      module-details-from-path: 1.0.4

  is-fullwidth-code-point@3.0.0: {}

  json-schema@0.4.0: {}

  lodash.camelcase@4.3.0: {}

  long@5.3.2: {}

  module-details-from-path@1.0.4: {}

  ms@2.1.3: {}

  mustache@4.2.0: {}

  protobufjs@7.6.1:
    dependencies:
      '@protobufjs/aspromise': 1.1.2
      '@protobufjs/base64': 1.1.2
      '@protobufjs/codegen': 2.0.5
      '@protobufjs/eventemitter': 1.1.1
      '@protobufjs/fetch': 1.1.1
      '@protobufjs/float': 1.0.2
      '@protobufjs/inquire': 1.1.2
      '@protobufjs/path': 1.1.2
      '@protobufjs/pool': 1.1.0
      '@protobufjs/utf8': 1.1.1
      '@types/node': 22.19.19
      long: 5.3.2

  require-directory@2.1.1: {}

  require-in-the-middle@8.0.1:
    dependencies:
      debug: 4.4.3
      module-details-from-path: 1.0.4
    transitivePeerDependencies:
      - supports-color

  string-width@4.2.3:
    dependencies:
      emoji-regex: 8.0.0
      is-fullwidth-code-point: 3.0.0
      strip-ansi: 6.0.1

  strip-ansi@6.0.1:
    dependencies:
      ansi-regex: 5.0.1

  tsx@4.22.3:
    dependencies:
      esbuild: 0.28.0
    optionalDependencies:
      fsevents: 2.3.3

  typescript@5.9.3: {}

  undici-types@6.21.0: {}

  wrap-ansi@7.0.0:
    dependencies:
      ansi-styles: 4.3.0
      string-width: 4.2.3
      strip-ansi: 6.0.1

  y18n@5.0.8: {}

  yaml@2.9.0: {}

  yargs-parser@21.1.1: {}

  yargs@17.7.2:
    dependencies:
      cliui: 8.0.1
      escalade: 3.2.0
      get-caller-file: 2.0.5
      require-directory: 2.1.1
      string-width: 4.2.3
      y18n: 5.0.8
      yargs-parser: 21.1.1

  zod@4.4.3: {}
